
Microsoft Visual Studio Solution File, Format Version 12.00
# Visual Studio Version 16
VisualStudioVersion = 16.0.32228.343
MinimumVisualStudioVersion = 10.0.40219.1
Project("{8BC9CEB8-8B4A-11D0-8D11-00A0C91BC942}") = "1.1.5.4", "1.1.5.4.vcxproj", "{11B5B981-D4A5-434A-BFDF-B6D90AB55E76}"
EndProject
Global
	GlobalSection(SolutionConfigurationPlatforms) = preSolution
		Debug|x64 = Debug|x64
		Debug|x86 = Debug|x86
		Release|x64 = Release|x64
		Release|x86 = Release|x86
	EndGlobalSection
	GlobalSection(ProjectConfigurationPlatforms) = postSolution
		{11B5B981-D4A5-434A-BFDF-B6D90AB55E76}.Debug|x64.ActiveCfg = Debug|x64
		{11B5B981-D4A5-434A-BFDF-B6D90AB55E76}.Debug|x64.Build.0 = Debug|x64
		{11B5B981-D4A5-434A-BFDF-B6D90AB55E76}.Debug|x86.ActiveCfg = Debug|Win32
		{11B5B981-D4A5-434A-BFDF-B6D90AB55E76}.Debug|x86.Build.0 = Debug|Win32
		{11B5B981-D4A5-434A-BFDF-B6D90AB55E76}.Release|x64.ActiveCfg = Release|x64
		{11B5B981-D4A5-434A-BFDF-B6D90AB55E76}.Release|x64.Build.0 = Release|x64
		{11B5B981-D4A5-434A-BFDF-B6D90AB55E76}.Release|x86.ActiveCfg = Release|Win32
		{11B5B981-D4A5-434A-BFDF-B6D90AB55E76}.Release|x86.Build.0 = Release|Win32
	EndGlobalSection
	GlobalSection(SolutionProperties) = preSolution
		HideSolutionNode = FALSE
	EndGlobalSection
	GlobalSection(ExtensibilityGlobals) = postSolution
		SolutionGuid = {D378E60C-05A4-411D-920E-73BE14A1B905}
	EndGlobalSection
EndGlobal
