
Microsoft Visual Studio Solution File, Format Version 12.00
# Visual Studio Version 16
VisualStudioVersion = 16.0.32228.343
MinimumVisualStudioVersion = 10.0.40219.1
Project("{8BC9CEB8-8B4A-11D0-8D11-00A0C91BC942}") = "1.1.4.5", "1.1.4.5.vcxproj", "{7A800A51-BCB8-4951-9648-8E9F146EA2AF}"
EndProject
Global
	GlobalSection(SolutionConfigurationPlatforms) = preSolution
		Debug|x64 = Debug|x64
		Debug|x86 = Debug|x86
		Release|x64 = Release|x64
		Release|x86 = Release|x86
	EndGlobalSection
	GlobalSection(ProjectConfigurationPlatforms) = postSolution
		{7A800A51-BCB8-4951-9648-8E9F146EA2AF}.Debug|x64.ActiveCfg = Debug|x64
		{7A800A51-BCB8-4951-9648-8E9F146EA2AF}.Debug|x64.Build.0 = Debug|x64
		{7A800A51-BCB8-4951-9648-8E9F146EA2AF}.Debug|x86.ActiveCfg = Debug|Win32
		{7A800A51-BCB8-4951-9648-8E9F146EA2AF}.Debug|x86.Build.0 = Debug|Win32
		{7A800A51-BCB8-4951-9648-8E9F146EA2AF}.Release|x64.ActiveCfg = Release|x64
		{7A800A51-BCB8-4951-9648-8E9F146EA2AF}.Release|x64.Build.0 = Release|x64
		{7A800A51-BCB8-4951-9648-8E9F146EA2AF}.Release|x86.ActiveCfg = Release|Win32
		{7A800A51-BCB8-4951-9648-8E9F146EA2AF}.Release|x86.Build.0 = Release|Win32
	EndGlobalSection
	GlobalSection(SolutionProperties) = preSolution
		HideSolutionNode = FALSE
	EndGlobalSection
	GlobalSection(ExtensibilityGlobals) = postSolution
		SolutionGuid = {C5C69EC2-C911-44B3-87DD-FD9539282BFF}
	EndGlobalSection
EndGlobal
