
Microsoft Visual Studio Solution File, Format Version 12.00
# Visual Studio Version 16
VisualStudioVersion = 16.0.31702.278
MinimumVisualStudioVersion = 10.0.40219.1
Project("{9A19103F-16F7-4668-BE54-9A1E7A4F7556}") = "View", "View\View.csproj", "{D22EE98C-2FEB-45CB-85E0-EC0DA27C25C1}"
EndProject
Project("{FAE04EC0-301F-11D3-BF4B-00C04F79EFBC}") = "ViewModel", "ViewModel\ViewModel.csproj", "{3F6BE909-77B4-47E5-B357-3683499C2801}"
EndProject
Project("{FAE04EC0-301F-11D3-BF4B-00C04F79EFBC}") = "Model", "Model\Model.csproj", "{847FE8E9-19AD-4A9D-A678-D2E806F7CC4C}"
EndProject
Global
	GlobalSection(SolutionConfigurationPlatforms) = preSolution
		Debug|Any CPU = Debug|Any CPU
		Release|Any CPU = Release|Any CPU
	EndGlobalSection
	GlobalSection(ProjectConfigurationPlatforms) = postSolution
		{D22EE98C-2FEB-45CB-85E0-EC0DA27C25C1}.Debug|Any CPU.ActiveCfg = Debug|Any CPU
		{D22EE98C-2FEB-45CB-85E0-EC0DA27C25C1}.Debug|Any CPU.Build.0 = Debug|Any CPU
		{D22EE98C-2FEB-45CB-85E0-EC0DA27C25C1}.Release|Any CPU.ActiveCfg = Release|Any CPU
		{D22EE98C-2FEB-45CB-85E0-EC0DA27C25C1}.Release|Any CPU.Build.0 = Release|Any CPU
		{3F6BE909-77B4-47E5-B357-3683499C2801}.Debug|Any CPU.ActiveCfg = Debug|Any CPU
		{3F6BE909-77B4-47E5-B357-3683499C2801}.Debug|Any CPU.Build.0 = Debug|Any CPU
		{3F6BE909-77B4-47E5-B357-3683499C2801}.Release|Any CPU.ActiveCfg = Release|Any CPU
		{3F6BE909-77B4-47E5-B357-3683499C2801}.Release|Any CPU.Build.0 = Release|Any CPU
		{847FE8E9-19AD-4A9D-A678-D2E806F7CC4C}.Debug|Any CPU.ActiveCfg = Debug|Any CPU
		{847FE8E9-19AD-4A9D-A678-D2E806F7CC4C}.Debug|Any CPU.Build.0 = Debug|Any CPU
		{847FE8E9-19AD-4A9D-A678-D2E806F7CC4C}.Release|Any CPU.ActiveCfg = Release|Any CPU
		{847FE8E9-19AD-4A9D-A678-D2E806F7CC4C}.Release|Any CPU.Build.0 = Release|Any CPU
	EndGlobalSection
	GlobalSection(SolutionProperties) = preSolution
		HideSolutionNode = FALSE
	EndGlobalSection
	GlobalSection(ExtensibilityGlobals) = postSolution
		SolutionGuid = {830B599C-5290-450C-894E-65835B521B18}
	EndGlobalSection
EndGlobal
